// !$*UTF8*$!
{
	archiveVersion = 1;
	classes = {
	};
	objectVersion = 55;
	objects = {

/* Begin PBXBuildFile section */
		C67F3D5228CDD6BA00F97242 /* AppDelegate.swift in Sources */ = {isa = PBXBuildFile; fileRef = C67F3D5128CDD6BA00F97242 /* AppDelegate.swift */; };
		C67F3D5428CDD6BA00F97242 /* SceneDelegate.swift in Sources */ = {isa = PBXBuildFile; fileRef = C67F3D5328CDD6BA00F97242 /* SceneDelegate.swift */; };
		C67F3D5B28CDD6BB00F97242 /* Assets.xcassets in Resources */ = {isa = PBXBuildFile; fileRef = C67F3D5A28CDD6BB00F97242 /* Assets.xcassets */; };
		C67F3D5E28CDD6BB00F97242 /* LaunchScreen.storyboard in Resources */ = {isa = PBXBuildFile; fileRef = C67F3D5C28CDD6BB00F97242 /* LaunchScreen.storyboard */; };
		C67F3D6628CDD70700F97242 /* BeerListViewController.swift in Sources */ = {isa = PBXBuildFile; fileRef = C67F3D6528CDD70700F97242 /* BeerListViewController.swift */; };
		C67F3D6928CDD7EF00F97242 /* SnapKit in Frameworks */ = {isa = PBXBuildFile; productRef = C67F3D6828CDD7EF00F97242 /* SnapKit */; };
		C67F3D6C28CDD82D00F97242 /* Kingfisher in Frameworks */ = {isa = PBXBuildFile; productRef = C67F3D6B28CDD82D00F97242 /* Kingfisher */; };
		C67F3D6E28CDD87200F97242 /* Beer.swift in Sources */ = {isa = PBXBuildFile; fileRef = C67F3D6D28CDD87200F97242 /* Beer.swift */; };
		C67F3D7028CDDEA200F97242 /* BeerListCell.swift in Sources */ = {isa = PBXBuildFile; fileRef = C67F3D6F28CDDEA200F97242 /* BeerListCell.swift */; };
		C67F3D7228CDE4A900F97242 /* BeerDetailViewController.swift in Sources */ = {isa = PBXBuildFile; fileRef = C67F3D7128CDE4A900F97242 /* BeerDetailViewController.swift */; };
/* End PBXBuildFile section */

/* Begin PBXFileReference section */
		C67F3D4E28CDD6BA00F97242 /* Brewery.app */ = {isa = PBXFileReference; explicitFileType = wrapper.application; includeInIndex = 0; path = Brewery.app; sourceTree = BUILT_PRODUCTS_DIR; };
		C67F3D5128CDD6BA00F97242 /* AppDelegate.swift */ = {isa = PBXFileReference; lastKnownFileType = sourcecode.swift; path = AppDelegate.swift; sourceTree = "<group>"; };
		C67F3D5328CDD6BA00F97242 /* SceneDelegate.swift */ = {isa = PBXFileReference; lastKnownFileType = sourcecode.swift; path = SceneDelegate.swift; sourceTree = "<group>"; };
		C67F3D5A28CDD6BB00F97242 /* Assets.xcassets */ = {isa = PBXFileReference; lastKnownFileType = folder.assetcatalog; path = Assets.xcassets; sourceTree = "<group>"; };
		C67F3D5D28CDD6BB00F97242 /* Base */ = {isa = PBXFileReference; lastKnownFileType = file.storyboard; name = Base; path = Base.lproj/LaunchScreen.storyboard; sourceTree = "<group>"; };
		C67F3D5F28CDD6BB00F97242 /* Info.plist */ = {isa = PBXFileReference; lastKnownFileType = text.plist.xml; path = Info.plist; sourceTree = "<group>"; };
		C67F3D6528CDD70700F97242 /* BeerListViewController.swift */ = {isa = PBXFileReference; lastKnownFileType = sourcecode.swift; path = BeerListViewController.swift; sourceTree = "<group>"; };
		C67F3D6D28CDD87200F97242 /* Beer.swift */ = {isa = PBXFileReference; lastKnownFileType = sourcecode.swift; path = Beer.swift; sourceTree = "<group>"; };
		C67F3D6F28CDDEA200F97242 /* BeerListCell.swift */ = {isa = PBXFileReference; lastKnownFileType = sourcecode.swift; path = BeerListCell.swift; sourceTree = "<group>"; };
		C67F3D7128CDE4A900F97242 /* BeerDetailViewController.swift */ = {isa = PBXFileReference; lastKnownFileType = sourcecode.swift; path = BeerDetailViewController.swift; sourceTree = "<group>"; };
/* End PBXFileReference section */

/* Begin PBXFrameworksBuildPhase section */
		C67F3D4B28CDD6BA00F97242 /* Frameworks */ = {
			isa = PBXFrameworksBuildPhase;
			buildActionMask = 2147483647;
			files = (
				C67F3D6C28CDD82D00F97242 /* Kingfisher in Frameworks */,
				C67F3D6928CDD7EF00F97242 /* SnapKit in Frameworks */,
			);
			runOnlyForDeploymentPostprocessing = 0;
		};
/* End PBXFrameworksBuildPhase section */

/* Begin PBXGroup section */
		C67F3D4528CDD6BA00F97242 = {
			isa = PBXGroup;
			children = (
				C67F3D5028CDD6BA00F97242 /* Brewery */,
				C67F3D4F28CDD6BA00F97242 /* Products */,
			);
			sourceTree = "<group>";
		};
		C67F3D4F28CDD6BA00F97242 /* Products */ = {
			isa = PBXGroup;
			children = (
				C67F3D4E28CDD6BA00F97242 /* Brewery.app */,
			);
			name = Products;
			sourceTree = "<group>";
		};
		C67F3D5028CDD6BA00F97242 /* Brewery */ = {
			isa = PBXGroup;
			children = (
				C67F3D5128CDD6BA00F97242 /* AppDelegate.swift */,
				C67F3D5328CDD6BA00F97242 /* SceneDelegate.swift */,
				C67F3D6528CDD70700F97242 /* BeerListViewController.swift */,
				C67F3D7128CDE4A900F97242 /* BeerDetailViewController.swift */,
				C67F3D6F28CDDEA200F97242 /* BeerListCell.swift */,
				C67F3D6D28CDD87200F97242 /* Beer.swift */,
				C67F3D5A28CDD6BB00F97242 /* Assets.xcassets */,
				C67F3D5C28CDD6BB00F97242 /* LaunchScreen.storyboard */,
				C67F3D5F28CDD6BB00F97242 /* Info.plist */,
			);
			path = Brewery;
			sourceTree = "<group>";
		};
/* End PBXGroup section */

/* Begin PBXNativeTarget section */
		C67F3D4D28CDD6BA00F97242 /* Brewery */ = {
			isa = PBXNativeTarget;
			buildConfigurationList = C67F3D6228CDD6BB00F97242 /* Build configuration list for PBXNativeTarget "Brewery" */;
			buildPhases = (
				C67F3D4A28CDD6BA00F97242 /* Sources */,
				C67F3D4B28CDD6BA00F97242 /* Frameworks */,
				C67F3D4C28CDD6BA00F97242 /* Resources */,
			);
			buildRules = (
			);
			dependencies = (
			);
			name = Brewery;
			packageProductDependencies = (
				C67F3D6828CDD7EF00F97242 /* SnapKit */,
				C67F3D6B28CDD82D00F97242 /* Kingfisher */,
			);
			productName = Brewery;
			productReference = C67F3D4E28CDD6BA00F97242 /* Brewery.app */;
			productType = "com.apple.product-type.application";
		};
/* End PBXNativeTarget section */

/* Begin PBXProject section */
		C67F3D4628CDD6BA00F97242 /* Project object */ = {
			isa = PBXProject;
			attributes = {
				BuildIndependentTargetsInParallel = 1;
				LastSwiftUpdateCheck = 1340;
				LastUpgradeCheck = 1340;
				TargetAttributes = {
					C67F3D4D28CDD6BA00F97242 = {
						CreatedOnToolsVersion = 13.4.1;
					};
				};
			};
			buildConfigurationList = C67F3D4928CDD6BA00F97242 /* Build configuration list for PBXProject "Brewery" */;
			compatibilityVersion = "Xcode 13.0";
			developmentRegion = en;
			hasScannedForEncodings = 0;
			knownRegions = (
				en,
				Base,
			);
			mainGroup = C67F3D4528CDD6BA00F97242;
			packageReferences = (
				C67F3D6728CDD7EF00F97242 /* XCRemoteSwiftPackageReference "SnapKit" */,
				C67F3D6A28CDD82D00F97242 /* XCRemoteSwiftPackageReference "Kingfisher" */,
			);
			productRefGroup = C67F3D4F28CDD6BA00F97242 /* Products */;
			projectDirPath = "";
			projectRoot = "";
			targets = (
				C67F3D4D28CDD6BA00F97242 /* Brewery */,
			);
		};
/* End PBXProject section */

/* Begin PBXResourcesBuildPhase section */
		C67F3D4C28CDD6BA00F97242 /* Resources */ = {
			isa = PBXResourcesBuildPhase;
			buildActionMask = 2147483647;
			files = (
				C67F3D5E28CDD6BB00F97242 /* LaunchScreen.storyboard in Resources */,
				C67F3D5B28CDD6BB00F97242 /* Assets.xcassets in Resources */,
			);
			runOnlyForDeploymentPostprocessing = 0;
		};
/* End PBXResourcesBuildPhase section */

/* Begin PBXSourcesBuildPhase section */
		C67F3D4A28CDD6BA00F97242 /* Sources */ = {
			isa = PBXSourcesBuildPhase;
			buildActionMask = 2147483647;
			files = (
				C67F3D6628CDD70700F97242 /* BeerListViewController.swift in Sources */,
				C67F3D7228CDE4A900F97242 /* BeerDetailViewController.swift in Sources */,
				C67F3D5228CDD6BA00F97242 /* AppDelegate.swift in Sources */,
				C67F3D5428CDD6BA00F97242 /* SceneDelegate.swift in Sources */,
				C67F3D6E28CDD87200F97242 /* Beer.swift in Sources */,
				C67F3D7028CDDEA200F97242 /* BeerListCell.swift in Sources */,
			);
			runOnlyForDeploymentPostprocessing = 0;
		};
/* End PBXSourcesBuildPhase section */

/* Begin PBXVariantGroup section */
		C67F3D5C28CDD6BB00F97242 /* LaunchScreen.storyboard */ = {
			isa = PBXVariantGroup;
			children = (
				C67F3D5D28CDD6BB00F97242 /* Base */,
			);
			name = LaunchScreen.storyboard;
			sourceTree = "<group>";
		};
/* End PBXVariantGroup section */

/* Begin XCBuildConfiguration section */
		C67F3D6028CDD6BB00F97242 /* Debug */ = {
			isa = XCBuildConfiguration;
			buildSettings = {
				ALWAYS_SEARCH_USER_PATHS = NO;
				CLANG_ANALYZER_NONNULL = YES;
				CLANG_ANALYZER_NUMBER_OBJECT_CONVERSION = YES_AGGRESSIVE;
				CLANG_CXX_LANGUAGE_STANDARD = "gnu++17";
				CLANG_ENABLE_MODULES = YES;
				CLANG_ENABLE_OBJC_ARC = YES;
				CLANG_ENABLE_OBJC_WEAK = YES;
				CLANG_WARN_BLOCK_CAPTURE_AUTORELEASING = YES;
				CLANG_WARN_BOOL_CONVERSION = YES;
				CLANG_WARN_COMMA = YES;
				CLANG_WARN_CONSTANT_CONVERSION = YES;
				CLANG_WARN_DEPRECATED_OBJC_IMPLEMENTATIONS = YES;
				CLANG_WARN_DIRECT_OBJC_ISA_USAGE = YES_ERROR;
				CLANG_WARN_DOCUMENTATION_COMMENTS = YES;
				CLANG_WARN_EMPTY_BODY = YES;
				CLANG_WARN_ENUM_CONVERSION = YES;
				CLANG_WARN_INFINITE_RECURSION = YES;
				CLANG_WARN_INT_CONVERSION = YES;
				CLANG_WARN_NON_LITERAL_NULL_CONVERSION = YES;
				CLANG_WARN_OBJC_IMPLICIT_RETAIN_SELF = YES;
				CLANG_WARN_OBJC_LITERAL_CONVERSION = YES;
				CLANG_WARN_OBJC_ROOT_CLASS = YES_ERROR;
				CLANG_WARN_QUOTED_INCLUDE_IN_FRAMEWORK_HEADER = YES;
				CLANG_WARN_RANGE_LOOP_ANALYSIS = YES;
				CLANG_WARN_STRICT_PROTOTYPES = YES;
				CLANG_WARN_SUSPICIOUS_MOVE = YES;
				CLANG_WARN_UNGUARDED_AVAILABILITY = YES_AGGRESSIVE;
				CLANG_WARN_UNREACHABLE_CODE = YES;
				CLANG_WARN__DUPLICATE_METHOD_MATCH = YES;
				COPY_PHASE_STRIP = NO;
				DEBUG_INFORMATION_FORMAT = dwarf;
				ENABLE_STRICT_OBJC_MSGSEND = YES;
				ENABLE_TESTABILITY = YES;
				GCC_C_LANGUAGE_STANDARD = gnu11;
				GCC_DYNAMIC_NO_PIC = NO;
				GCC_NO_COMMON_BLOCKS = YES;
				GCC_OPTIMIZATION_LEVEL = 0;
				GCC_PREPROCESSOR_DEFINITIONS = (
					"DEBUG=1",
					"$(inherited)",
				);
				GCC_WARN_64_TO_32_BIT_CONVERSION = YES;
				GCC_WARN_ABOUT_RETURN_TYPE = YES_ERROR;
				GCC_WARN_UNDECLARED_SELECTOR = YES;
				GCC_WARN_UNINITIALIZED_AUTOS = YES_AGGRESSIVE;
				GCC_WARN_UNUSED_FUNCTION = YES;
				GCC_WARN_UNUSED_VARIABLE = YES;
				IPHONEOS_DEPLOYMENT_TARGET = 15.5;
				MTL_ENABLE_DEBUG_INFO = INCLUDE_SOURCE;
				MTL_FAST_MATH = YES;
				ONLY_ACTIVE_ARCH = YES;
				SDKROOT = iphoneos;
				SWIFT_ACTIVE_COMPILATION_CONDITIONS = DEBUG;
				SWIFT_OPTIMIZATION_LEVEL = "-Onone";
			};
			name = Debug;
		};
		C67F3D6128CDD6BB00F97242 /* Release */ = {
			isa = XCBuildConfiguration;
			buildSettings = {
				ALWAYS_SEARCH_USER_PATHS = NO;
				CLANG_ANALYZER_NONNULL = YES;
				CLANG_ANALYZER_NUMBER_OBJECT_CONVERSION = YES_AGGRESSIVE;
				CLANG_CXX_LANGUAGE_STANDARD = "gnu++17";
				CLANG_ENABLE_MODULES = YES;
				CLANG_ENABLE_OBJC_ARC = YES;
				CLANG_ENABLE_OBJC_WEAK = YES;
				CLANG_WARN_BLOCK_CAPTURE_AUTORELEASING = YES;
				CLANG_WARN_BOOL_CONVERSION = YES;
				CLANG_WARN_COMMA = YES;
				CLANG_WARN_CONSTANT_CONVERSION = YES;
				CLANG_WARN_DEPRECATED_OBJC_IMPLEMENTATIONS = YES;
				CLANG_WARN_DIRECT_OBJC_ISA_USAGE = YES_ERROR;
				CLANG_WARN_DOCUMENTATION_COMMENTS = YES;
				CLANG_WARN_EMPTY_BODY = YES;
				CLANG_WARN_ENUM_CONVERSION = YES;
				CLANG_WARN_INFINITE_RECURSION = YES;
				CLANG_WARN_INT_CONVERSION = YES;
				CLANG_WARN_NON_LITERAL_NULL_CONVERSION = YES;
				CLANG_WARN_OBJC_IMPLICIT_RETAIN_SELF = YES;
				CLANG_WARN_OBJC_LITERAL_CONVERSION = YES;
				CLANG_WARN_OBJC_ROOT_CLASS = YES_ERROR;
				CLANG_WARN_QUOTED_INCLUDE_IN_FRAMEWORK_HEADER = YES;
				CLANG_WARN_RANGE_LOOP_ANALYSIS = YES;
				CLANG_WARN_STRICT_PROTOTYPES = YES;
				CLANG_WARN_SUSPICIOUS_MOVE = YES;
				CLANG_WARN_UNGUARDED_AVAILABILITY = YES_AGGRESSIVE;
				CLANG_WARN_UNREACHABLE_CODE = YES;
				CLANG_WARN__DUPLICATE_METHOD_MATCH = YES;
				COPY_PHASE_STRIP = NO;
				DEBUG_INFORMATION_FORMAT = "dwarf-with-dsym";
				ENABLE_NS_ASSERTIONS = NO;
				ENABLE_STRICT_OBJC_MSGSEND = YES;
				GCC_C_LANGUAGE_STANDARD = gnu11;
				GCC_NO_COMMON_BLOCKS = YES;
				GCC_WARN_64_TO_32_BIT_CONVERSION = YES;
				GCC_WARN_ABOUT_RETURN_TYPE = YES_ERROR;
				GCC_WARN_UNDECLARED_SELECTOR = YES;
				GCC_WARN_UNINITIALIZED_AUTOS = YES_AGGRESSIVE;
				GCC_WARN_UNUSED_FUNCTION = YES;
				GCC_WARN_UNUSED_VARIABLE = YES;
				IPHONEOS_DEPLOYMENT_TARGET = 15.5;
				MTL_ENABLE_DEBUG_INFO = NO;
				MTL_FAST_MATH = YES;
				SDKROOT = iphoneos;
				SWIFT_COMPILATION_MODE = wholemodule;
				SWIFT_OPTIMIZATION_LEVEL = "-O";
				VALIDATE_PRODUCT = YES;
			};
			name = Release;
		};
		C67F3D6328CDD6BB00F97242 /* Debug */ = {
			isa = XCBuildConfiguration;
			buildSettings = {
				ASSETCATALOG_COMPILER_APPICON_NAME = AppIcon;
				ASSETCATALOG_COMPILER_GLOBAL_ACCENT_COLOR_NAME = AccentColor;
				CODE_SIGN_STYLE = Automatic;
				CURRENT_PROJECT_VERSION = 1;
				DEVELOPMENT_TEAM = 826DMM96XG;
				GENERATE_INFOPLIST_FILE = YES;
				INFOPLIST_FILE = Brewery/Info.plist;
				INFOPLIST_KEY_UIApplicationSupportsIndirectInputEvents = YES;
				INFOPLIST_KEY_UILaunchStoryboardName = LaunchScreen;
				INFOPLIST_KEY_UISupportedInterfaceOrientations_iPad = "UIInterfaceOrientationPortrait UIInterfaceOrientationPortraitUpsideDown UIInterfaceOrientationLandscapeLeft UIInterfaceOrientationLandscapeRight";
				INFOPLIST_KEY_UISupportedInterfaceOrientations_iPhone = "UIInterfaceOrientationPortrait UIInterfaceOrientationLandscapeLeft UIInterfaceOrientationLandscapeRight";
				LD_RUNPATH_SEARCH_PATHS = (
					"$(inherited)",
					"@executable_path/Frameworks",
				);
				MARKETING_VERSION = 1.0;
				PRODUCT_BUNDLE_IDENTIFIER = "https---www.instagram.com-jea--dong-.Brewery";
				PRODUCT_NAME = "$(TARGET_NAME)";
				SWIFT_EMIT_LOC_STRINGS = YES;
				SWIFT_VERSION = 5.0;
				TARGETED_DEVICE_FAMILY = "1,2";
			};
			name = Debug;
		};
		C67F3D6428CDD6BB00F97242 /* Release */ = {
			isa = XCBuildConfiguration;
			buildSettings = {
				ASSETCATALOG_COMPILER_APPICON_NAME = AppIcon;
				ASSETCATALOG_COMPILER_GLOBAL_ACCENT_COLOR_NAME = AccentColor;
				CODE_SIGN_STYLE = Automatic;
				CURRENT_PROJECT_VERSION = 1;
				DEVELOPMENT_TEAM = 826DMM96XG;
				GENERATE_INFOPLIST_FILE = YES;
				INFOPLIST_FILE = Brewery/Info.plist;
				INFOPLIST_KEY_UIApplicationSupportsIndirectInputEvents = YES;
				INFOPLIST_KEY_UILaunchStoryboardName = LaunchScreen;
				INFOPLIST_KEY_UISupportedInterfaceOrientations_iPad = "UIInterfaceOrientationPortrait UIInterfaceOrientationPortraitUpsideDown UIInterfaceOrientationLandscapeLeft UIInterfaceOrientationLandscapeRight";
				INFOPLIST_KEY_UISupportedInterfaceOrientations_iPhone = "UIInterfaceOrientationPortrait UIInterfaceOrientationLandscapeLeft UIInterfaceOrientationLandscapeRight";
				LD_RUNPATH_SEARCH_PATHS = (
					"$(inherited)",
					"@executable_path/Frameworks",
				);
				MARKETING_VERSION = 1.0;
				PRODUCT_BUNDLE_IDENTIFIER = "https---www.instagram.com-jea--dong-.Brewery";
				PRODUCT_NAME = "$(TARGET_NAME)";
				SWIFT_EMIT_LOC_STRINGS = YES;
				SWIFT_VERSION = 5.0;
				TARGETED_DEVICE_FAMILY = "1,2";
			};
			name = Release;
		};
/* End XCBuildConfiguration section */

/* Begin XCConfigurationList section */
		C67F3D4928CDD6BA00F97242 /* Build configuration list for PBXProject "Brewery" */ = {
			isa = XCConfigurationList;
			buildConfigurations = (
				C67F3D6028CDD6BB00F97242 /* Debug */,
				C67F3D6128CDD6BB00F97242 /* Release */,
			);
			defaultConfigurationIsVisible = 0;
			defaultConfigurationName = Release;
		};
		C67F3D6228CDD6BB00F97242 /* Build configuration list for PBXNativeTarget "Brewery" */ = {
			isa = XCConfigurationList;
			buildConfigurations = (
				C67F3D6328CDD6BB00F97242 /* Debug */,
				C67F3D6428CDD6BB00F97242 /* Release */,
			);
			defaultConfigurationIsVisible = 0;
			defaultConfigurationName = Release;
		};
/* End XCConfigurationList section */

/* Begin XCRemoteSwiftPackageReference section */
		C67F3D6728CDD7EF00F97242 /* XCRemoteSwiftPackageReference "SnapKit" */ = {
			isa = XCRemoteSwiftPackageReference;
			repositoryURL = "https://github.com/SnapKit/SnapKit.git";
			requirement = {
				branch = develop;
				kind = branch;
			};
		};
		C67F3D6A28CDD82D00F97242 /* XCRemoteSwiftPackageReference "Kingfisher" */ = {
			isa = XCRemoteSwiftPackageReference;
			repositoryURL = "https://github.com/onevcat/Kingfisher.git";
			requirement = {
				kind = upToNextMajorVersion;
				minimumVersion = 7.0.0;
			};
		};
/* End XCRemoteSwiftPackageReference section */

/* Begin XCSwiftPackageProductDependency section */
		C67F3D6828CDD7EF00F97242 /* SnapKit */ = {
			isa = XCSwiftPackageProductDependency;
			package = C67F3D6728CDD7EF00F97242 /* XCRemoteSwiftPackageReference "SnapKit" */;
			productName = SnapKit;
		};
		C67F3D6B28CDD82D00F97242 /* Kingfisher */ = {
			isa = XCSwiftPackageProductDependency;
			package = C67F3D6A28CDD82D00F97242 /* XCRemoteSwiftPackageReference "Kingfisher" */;
			productName = Kingfisher;
		};
/* End XCSwiftPackageProductDependency section */
	};
	rootObject = C67F3D4628CDD6BA00F97242 /* Project object */;
}
