// !$*UTF8*$!
{
	archiveVersion = 1;
	classes = {
	};
	objectVersion = 56;
	objects = {

/* Begin PBXBuildFile section */
		C6F5572D28D7477100CC27FC /* AppDelegate.swift in Sources */ = {isa = PBXBuildFile; fileRef = C6F5572C28D7477100CC27FC /* AppDelegate.swift */; };
		C6F5572F28D7477100CC27FC /* SceneDelegate.swift in Sources */ = {isa = PBXBuildFile; fileRef = C6F5572E28D7477100CC27FC /* SceneDelegate.swift */; };
		C6F5573128D7477100CC27FC /* StationSearchViewController.swift in Sources */ = {isa = PBXBuildFile; fileRef = C6F5573028D7477100CC27FC /* StationSearchViewController.swift */; };
		C6F5573628D7477200CC27FC /* Assets.xcassets in Resources */ = {isa = PBXBuildFile; fileRef = C6F5573528D7477200CC27FC /* Assets.xcassets */; };
		C6F5573928D7477200CC27FC /* LaunchScreen.storyboard in Resources */ = {isa = PBXBuildFile; fileRef = C6F5573728D7477200CC27FC /* LaunchScreen.storyboard */; };
		C6F5574228D747CE00CC27FC /* SnapKit in Frameworks */ = {isa = PBXBuildFile; productRef = C6F5574128D747CE00CC27FC /* SnapKit */; };
		C6F5574528D7480700CC27FC /* Alamofire in Frameworks */ = {isa = PBXBuildFile; productRef = C6F5574428D7480700CC27FC /* Alamofire */; };
		C6F5574828D74F8600CC27FC /* StationDetailViewController.swift in Sources */ = {isa = PBXBuildFile; fileRef = C6F5574728D74F8500CC27FC /* StationDetailViewController.swift */; };
		C6F5574A28D752B200CC27FC /* StationDetailCollectionViewCell.swift in Sources */ = {isa = PBXBuildFile; fileRef = C6F5574928D752B200CC27FC /* StationDetailCollectionViewCell.swift */; };
		C6F5574C28D75E3C00CC27FC /* StationResponseModel.swift in Sources */ = {isa = PBXBuildFile; fileRef = C6F5574B28D75E3C00CC27FC /* StationResponseModel.swift */; };
		C6F5574E28D7620700CC27FC /* StationArrivalDataResponseModel.swift in Sources */ = {isa = PBXBuildFile; fileRef = C6F5574D28D7620700CC27FC /* StationArrivalDataResponseModel.swift */; };
/* End PBXBuildFile section */

/* Begin PBXFileReference section */
		C6F5572928D7477100CC27FC /* Subway.app */ = {isa = PBXFileReference; explicitFileType = wrapper.application; includeInIndex = 0; path = Subway.app; sourceTree = BUILT_PRODUCTS_DIR; };
		C6F5572C28D7477100CC27FC /* AppDelegate.swift */ = {isa = PBXFileReference; lastKnownFileType = sourcecode.swift; path = AppDelegate.swift; sourceTree = "<group>"; };
		C6F5572E28D7477100CC27FC /* SceneDelegate.swift */ = {isa = PBXFileReference; lastKnownFileType = sourcecode.swift; path = SceneDelegate.swift; sourceTree = "<group>"; };
		C6F5573028D7477100CC27FC /* StationSearchViewController.swift */ = {isa = PBXFileReference; lastKnownFileType = sourcecode.swift; path = StationSearchViewController.swift; sourceTree = "<group>"; };
		C6F5573528D7477200CC27FC /* Assets.xcassets */ = {isa = PBXFileReference; lastKnownFileType = folder.assetcatalog; path = Assets.xcassets; sourceTree = "<group>"; };
		C6F5573828D7477200CC27FC /* Base */ = {isa = PBXFileReference; lastKnownFileType = file.storyboard; name = Base; path = Base.lproj/LaunchScreen.storyboard; sourceTree = "<group>"; };
		C6F5573A28D7477200CC27FC /* Info.plist */ = {isa = PBXFileReference; lastKnownFileType = text.plist.xml; path = Info.plist; sourceTree = "<group>"; };
		C6F5574728D74F8500CC27FC /* StationDetailViewController.swift */ = {isa = PBXFileReference; lastKnownFileType = sourcecode.swift; path = StationDetailViewController.swift; sourceTree = "<group>"; };
		C6F5574928D752B200CC27FC /* StationDetailCollectionViewCell.swift */ = {isa = PBXFileReference; lastKnownFileType = sourcecode.swift; path = StationDetailCollectionViewCell.swift; sourceTree = "<group>"; };
		C6F5574B28D75E3C00CC27FC /* StationResponseModel.swift */ = {isa = PBXFileReference; lastKnownFileType = sourcecode.swift; path = StationResponseModel.swift; sourceTree = "<group>"; };
		C6F5574D28D7620700CC27FC /* StationArrivalDataResponseModel.swift */ = {isa = PBXFileReference; lastKnownFileType = sourcecode.swift; path = StationArrivalDataResponseModel.swift; sourceTree = "<group>"; };
/* End PBXFileReference section */

/* Begin PBXFrameworksBuildPhase section */
		C6F5572628D7477100CC27FC /* Frameworks */ = {
			isa = PBXFrameworksBuildPhase;
			buildActionMask = 2147483647;
			files = (
				C6F5574228D747CE00CC27FC /* SnapKit in Frameworks */,
				C6F5574528D7480700CC27FC /* Alamofire in Frameworks */,
			);
			runOnlyForDeploymentPostprocessing = 0;
		};
/* End PBXFrameworksBuildPhase section */

/* Begin PBXGroup section */
		C6F5572028D7477100CC27FC = {
			isa = PBXGroup;
			children = (
				C6F5572B28D7477100CC27FC /* Subway */,
				C6F5572A28D7477100CC27FC /* Products */,
			);
			sourceTree = "<group>";
		};
		C6F5572A28D7477100CC27FC /* Products */ = {
			isa = PBXGroup;
			children = (
				C6F5572928D7477100CC27FC /* Subway.app */,
			);
			name = Products;
			sourceTree = "<group>";
		};
		C6F5572B28D7477100CC27FC /* Subway */ = {
			isa = PBXGroup;
			children = (
				C6F5572C28D7477100CC27FC /* AppDelegate.swift */,
				C6F5572E28D7477100CC27FC /* SceneDelegate.swift */,
				C6F5574B28D75E3C00CC27FC /* StationResponseModel.swift */,
				C6F5574D28D7620700CC27FC /* StationArrivalDataResponseModel.swift */,
				C6F5574628D74F7200CC27FC /* Scenes */,
				C6F5573528D7477200CC27FC /* Assets.xcassets */,
				C6F5573728D7477200CC27FC /* LaunchScreen.storyboard */,
				C6F5573A28D7477200CC27FC /* Info.plist */,
			);
			path = Subway;
			sourceTree = "<group>";
		};
		C6F5574628D74F7200CC27FC /* Scenes */ = {
			isa = PBXGroup;
			children = (
				C6F5573028D7477100CC27FC /* StationSearchViewController.swift */,
				C6F5574728D74F8500CC27FC /* StationDetailViewController.swift */,
				C6F5574928D752B200CC27FC /* StationDetailCollectionViewCell.swift */,
			);
			path = Scenes;
			sourceTree = "<group>";
		};
/* End PBXGroup section */

/* Begin PBXNativeTarget section */
		C6F5572828D7477100CC27FC /* Subway */ = {
			isa = PBXNativeTarget;
			buildConfigurationList = C6F5573D28D7477200CC27FC /* Build configuration list for PBXNativeTarget "Subway" */;
			buildPhases = (
				C6F5572528D7477100CC27FC /* Sources */,
				C6F5572628D7477100CC27FC /* Frameworks */,
				C6F5572728D7477100CC27FC /* Resources */,
			);
			buildRules = (
			);
			dependencies = (
			);
			name = Subway;
			packageProductDependencies = (
				C6F5574128D747CE00CC27FC /* SnapKit */,
				C6F5574428D7480700CC27FC /* Alamofire */,
			);
			productName = Subway;
			productReference = C6F5572928D7477100CC27FC /* Subway.app */;
			productType = "com.apple.product-type.application";
		};
/* End PBXNativeTarget section */

/* Begin PBXProject section */
		C6F5572128D7477100CC27FC /* Project object */ = {
			isa = PBXProject;
			attributes = {
				BuildIndependentTargetsInParallel = 1;
				LastSwiftUpdateCheck = 1400;
				LastUpgradeCheck = 1400;
				TargetAttributes = {
					C6F5572828D7477100CC27FC = {
						CreatedOnToolsVersion = 14.0;
					};
				};
			};
			buildConfigurationList = C6F5572428D7477100CC27FC /* Build configuration list for PBXProject "Subway" */;
			compatibilityVersion = "Xcode 14.0";
			developmentRegion = en;
			hasScannedForEncodings = 0;
			knownRegions = (
				en,
				Base,
			);
			mainGroup = C6F5572028D7477100CC27FC;
			packageReferences = (
				C6F5574028D747CE00CC27FC /* XCRemoteSwiftPackageReference "SnapKit" */,
				C6F5574328D7480700CC27FC /* XCRemoteSwiftPackageReference "Alamofire" */,
			);
			productRefGroup = C6F5572A28D7477100CC27FC /* Products */;
			projectDirPath = "";
			projectRoot = "";
			targets = (
				C6F5572828D7477100CC27FC /* Subway */,
			);
		};
/* End PBXProject section */

/* Begin PBXResourcesBuildPhase section */
		C6F5572728D7477100CC27FC /* Resources */ = {
			isa = PBXResourcesBuildPhase;
			buildActionMask = 2147483647;
			files = (
				C6F5573928D7477200CC27FC /* LaunchScreen.storyboard in Resources */,
				C6F5573628D7477200CC27FC /* Assets.xcassets in Resources */,
			);
			runOnlyForDeploymentPostprocessing = 0;
		};
/* End PBXResourcesBuildPhase section */

/* Begin PBXSourcesBuildPhase section */
		C6F5572528D7477100CC27FC /* Sources */ = {
			isa = PBXSourcesBuildPhase;
			buildActionMask = 2147483647;
			files = (
				C6F5574828D74F8600CC27FC /* StationDetailViewController.swift in Sources */,
				C6F5574C28D75E3C00CC27FC /* StationResponseModel.swift in Sources */,
				C6F5573128D7477100CC27FC /* StationSearchViewController.swift in Sources */,
				C6F5574E28D7620700CC27FC /* StationArrivalDataResponseModel.swift in Sources */,
				C6F5572D28D7477100CC27FC /* AppDelegate.swift in Sources */,
				C6F5574A28D752B200CC27FC /* StationDetailCollectionViewCell.swift in Sources */,
				C6F5572F28D7477100CC27FC /* SceneDelegate.swift in Sources */,
			);
			runOnlyForDeploymentPostprocessing = 0;
		};
/* End PBXSourcesBuildPhase section */

/* Begin PBXVariantGroup section */
		C6F5573728D7477200CC27FC /* LaunchScreen.storyboard */ = {
			isa = PBXVariantGroup;
			children = (
				C6F5573828D7477200CC27FC /* Base */,
			);
			name = LaunchScreen.storyboard;
			sourceTree = "<group>";
		};
/* End PBXVariantGroup section */

/* Begin XCBuildConfiguration section */
		C6F5573B28D7477200CC27FC /* Debug */ = {
			isa = XCBuildConfiguration;
			buildSettings = {
				ALWAYS_SEARCH_USER_PATHS = NO;
				CLANG_ANALYZER_NONNULL = YES;
				CLANG_ANALYZER_NUMBER_OBJECT_CONVERSION = YES_AGGRESSIVE;
				CLANG_CXX_LANGUAGE_STANDARD = "gnu++20";
				CLANG_ENABLE_MODULES = YES;
				CLANG_ENABLE_OBJC_ARC = YES;
				CLANG_ENABLE_OBJC_WEAK = YES;
				CLANG_WARN_BLOCK_CAPTURE_AUTORELEASING = YES;
				CLANG_WARN_BOOL_CONVERSION = YES;
				CLANG_WARN_COMMA = YES;
				CLANG_WARN_CONSTANT_CONVERSION = YES;
				CLANG_WARN_DEPRECATED_OBJC_IMPLEMENTATIONS = YES;
				CLANG_WARN_DIRECT_OBJC_ISA_USAGE = YES_ERROR;
				CLANG_WARN_DOCUMENTATION_COMMENTS = YES;
				CLANG_WARN_EMPTY_BODY = YES;
				CLANG_WARN_ENUM_CONVERSION = YES;
				CLANG_WARN_INFINITE_RECURSION = YES;
				CLANG_WARN_INT_CONVERSION = YES;
				CLANG_WARN_NON_LITERAL_NULL_CONVERSION = YES;
				CLANG_WARN_OBJC_IMPLICIT_RETAIN_SELF = YES;
				CLANG_WARN_OBJC_LITERAL_CONVERSION = YES;
				CLANG_WARN_OBJC_ROOT_CLASS = YES_ERROR;
				CLANG_WARN_QUOTED_INCLUDE_IN_FRAMEWORK_HEADER = YES;
				CLANG_WARN_RANGE_LOOP_ANALYSIS = YES;
				CLANG_WARN_STRICT_PROTOTYPES = YES;
				CLANG_WARN_SUSPICIOUS_MOVE = YES;
				CLANG_WARN_UNGUARDED_AVAILABILITY = YES_AGGRESSIVE;
				CLANG_WARN_UNREACHABLE_CODE = YES;
				CLANG_WARN__DUPLICATE_METHOD_MATCH = YES;
				COPY_PHASE_STRIP = NO;
				DEBUG_INFORMATION_FORMAT = dwarf;
				ENABLE_STRICT_OBJC_MSGSEND = YES;
				ENABLE_TESTABILITY = YES;
				GCC_C_LANGUAGE_STANDARD = gnu11;
				GCC_DYNAMIC_NO_PIC = NO;
				GCC_NO_COMMON_BLOCKS = YES;
				GCC_OPTIMIZATION_LEVEL = 0;
				GCC_PREPROCESSOR_DEFINITIONS = (
					"DEBUG=1",
					"$(inherited)",
				);
				GCC_WARN_64_TO_32_BIT_CONVERSION = YES;
				GCC_WARN_ABOUT_RETURN_TYPE = YES_ERROR;
				GCC_WARN_UNDECLARED_SELECTOR = YES;
				GCC_WARN_UNINITIALIZED_AUTOS = YES_AGGRESSIVE;
				GCC_WARN_UNUSED_FUNCTION = YES;
				GCC_WARN_UNUSED_VARIABLE = YES;
				IPHONEOS_DEPLOYMENT_TARGET = 16.0;
				MTL_ENABLE_DEBUG_INFO = INCLUDE_SOURCE;
				MTL_FAST_MATH = YES;
				ONLY_ACTIVE_ARCH = YES;
				SDKROOT = iphoneos;
				SWIFT_ACTIVE_COMPILATION_CONDITIONS = DEBUG;
				SWIFT_OPTIMIZATION_LEVEL = "-Onone";
			};
			name = Debug;
		};
		C6F5573C28D7477200CC27FC /* Release */ = {
			isa = XCBuildConfiguration;
			buildSettings = {
				ALWAYS_SEARCH_USER_PATHS = NO;
				CLANG_ANALYZER_NONNULL = YES;
				CLANG_ANALYZER_NUMBER_OBJECT_CONVERSION = YES_AGGRESSIVE;
				CLANG_CXX_LANGUAGE_STANDARD = "gnu++20";
				CLANG_ENABLE_MODULES = YES;
				CLANG_ENABLE_OBJC_ARC = YES;
				CLANG_ENABLE_OBJC_WEAK = YES;
				CLANG_WARN_BLOCK_CAPTURE_AUTORELEASING = YES;
				CLANG_WARN_BOOL_CONVERSION = YES;
				CLANG_WARN_COMMA = YES;
				CLANG_WARN_CONSTANT_CONVERSION = YES;
				CLANG_WARN_DEPRECATED_OBJC_IMPLEMENTATIONS = YES;
				CLANG_WARN_DIRECT_OBJC_ISA_USAGE = YES_ERROR;
				CLANG_WARN_DOCUMENTATION_COMMENTS = YES;
				CLANG_WARN_EMPTY_BODY = YES;
				CLANG_WARN_ENUM_CONVERSION = YES;
				CLANG_WARN_INFINITE_RECURSION = YES;
				CLANG_WARN_INT_CONVERSION = YES;
				CLANG_WARN_NON_LITERAL_NULL_CONVERSION = YES;
				CLANG_WARN_OBJC_IMPLICIT_RETAIN_SELF = YES;
				CLANG_WARN_OBJC_LITERAL_CONVERSION = YES;
				CLANG_WARN_OBJC_ROOT_CLASS = YES_ERROR;
				CLANG_WARN_QUOTED_INCLUDE_IN_FRAMEWORK_HEADER = YES;
				CLANG_WARN_RANGE_LOOP_ANALYSIS = YES;
				CLANG_WARN_STRICT_PROTOTYPES = YES;
				CLANG_WARN_SUSPICIOUS_MOVE = YES;
				CLANG_WARN_UNGUARDED_AVAILABILITY = YES_AGGRESSIVE;
				CLANG_WARN_UNREACHABLE_CODE = YES;
				CLANG_WARN__DUPLICATE_METHOD_MATCH = YES;
				COPY_PHASE_STRIP = NO;
				DEBUG_INFORMATION_FORMAT = "dwarf-with-dsym";
				ENABLE_NS_ASSERTIONS = NO;
				ENABLE_STRICT_OBJC_MSGSEND = YES;
				GCC_C_LANGUAGE_STANDARD = gnu11;
				GCC_NO_COMMON_BLOCKS = YES;
				GCC_WARN_64_TO_32_BIT_CONVERSION = YES;
				GCC_WARN_ABOUT_RETURN_TYPE = YES_ERROR;
				GCC_WARN_UNDECLARED_SELECTOR = YES;
				GCC_WARN_UNINITIALIZED_AUTOS = YES_AGGRESSIVE;
				GCC_WARN_UNUSED_FUNCTION = YES;
				GCC_WARN_UNUSED_VARIABLE = YES;
				IPHONEOS_DEPLOYMENT_TARGET = 16.0;
				MTL_ENABLE_DEBUG_INFO = NO;
				MTL_FAST_MATH = YES;
				SDKROOT = iphoneos;
				SWIFT_COMPILATION_MODE = wholemodule;
				SWIFT_OPTIMIZATION_LEVEL = "-O";
				VALIDATE_PRODUCT = YES;
			};
			name = Release;
		};
		C6F5573E28D7477200CC27FC /* Debug */ = {
			isa = XCBuildConfiguration;
			buildSettings = {
				ASSETCATALOG_COMPILER_APPICON_NAME = AppIcon;
				ASSETCATALOG_COMPILER_GLOBAL_ACCENT_COLOR_NAME = AccentColor;
				CODE_SIGN_STYLE = Automatic;
				CURRENT_PROJECT_VERSION = 1;
				DEVELOPMENT_TEAM = 826DMM96XG;
				GENERATE_INFOPLIST_FILE = YES;
				INFOPLIST_FILE = Subway/Info.plist;
				INFOPLIST_KEY_UIApplicationSupportsIndirectInputEvents = YES;
				INFOPLIST_KEY_UILaunchStoryboardName = LaunchScreen;
				INFOPLIST_KEY_UISupportedInterfaceOrientations_iPad = "UIInterfaceOrientationPortrait UIInterfaceOrientationPortraitUpsideDown UIInterfaceOrientationLandscapeLeft UIInterfaceOrientationLandscapeRight";
				INFOPLIST_KEY_UISupportedInterfaceOrientations_iPhone = "UIInterfaceOrientationPortrait UIInterfaceOrientationLandscapeLeft UIInterfaceOrientationLandscapeRight";
				LD_RUNPATH_SEARCH_PATHS = (
					"$(inherited)",
					"@executable_path/Frameworks",
				);
				MARKETING_VERSION = 1.0;
				PRODUCT_BUNDLE_IDENTIFIER = "https---www.instagram.com-jea--dong-.Subway";
				PRODUCT_NAME = "$(TARGET_NAME)";
				SWIFT_EMIT_LOC_STRINGS = YES;
				SWIFT_VERSION = 5.0;
				TARGETED_DEVICE_FAMILY = "1,2";
			};
			name = Debug;
		};
		C6F5573F28D7477200CC27FC /* Release */ = {
			isa = XCBuildConfiguration;
			buildSettings = {
				ASSETCATALOG_COMPILER_APPICON_NAME = AppIcon;
				ASSETCATALOG_COMPILER_GLOBAL_ACCENT_COLOR_NAME = AccentColor;
				CODE_SIGN_STYLE = Automatic;
				CURRENT_PROJECT_VERSION = 1;
				DEVELOPMENT_TEAM = 826DMM96XG;
				GENERATE_INFOPLIST_FILE = YES;
				INFOPLIST_FILE = Subway/Info.plist;
				INFOPLIST_KEY_UIApplicationSupportsIndirectInputEvents = YES;
				INFOPLIST_KEY_UILaunchStoryboardName = LaunchScreen;
				INFOPLIST_KEY_UISupportedInterfaceOrientations_iPad = "UIInterfaceOrientationPortrait UIInterfaceOrientationPortraitUpsideDown UIInterfaceOrientationLandscapeLeft UIInterfaceOrientationLandscapeRight";
				INFOPLIST_KEY_UISupportedInterfaceOrientations_iPhone = "UIInterfaceOrientationPortrait UIInterfaceOrientationLandscapeLeft UIInterfaceOrientationLandscapeRight";
				LD_RUNPATH_SEARCH_PATHS = (
					"$(inherited)",
					"@executable_path/Frameworks",
				);
				MARKETING_VERSION = 1.0;
				PRODUCT_BUNDLE_IDENTIFIER = "https---www.instagram.com-jea--dong-.Subway";
				PRODUCT_NAME = "$(TARGET_NAME)";
				SWIFT_EMIT_LOC_STRINGS = YES;
				SWIFT_VERSION = 5.0;
				TARGETED_DEVICE_FAMILY = "1,2";
			};
			name = Release;
		};
/* End XCBuildConfiguration section */

/* Begin XCConfigurationList section */
		C6F5572428D7477100CC27FC /* Build configuration list for PBXProject "Subway" */ = {
			isa = XCConfigurationList;
			buildConfigurations = (
				C6F5573B28D7477200CC27FC /* Debug */,
				C6F5573C28D7477200CC27FC /* Release */,
			);
			defaultConfigurationIsVisible = 0;
			defaultConfigurationName = Release;
		};
		C6F5573D28D7477200CC27FC /* Build configuration list for PBXNativeTarget "Subway" */ = {
			isa = XCConfigurationList;
			buildConfigurations = (
				C6F5573E28D7477200CC27FC /* Debug */,
				C6F5573F28D7477200CC27FC /* Release */,
			);
			defaultConfigurationIsVisible = 0;
			defaultConfigurationName = Release;
		};
/* End XCConfigurationList section */

/* Begin XCRemoteSwiftPackageReference section */
		C6F5574028D747CE00CC27FC /* XCRemoteSwiftPackageReference "SnapKit" */ = {
			isa = XCRemoteSwiftPackageReference;
			repositoryURL = "https://github.com/SnapKit/SnapKit.git";
			requirement = {
				kind = upToNextMajorVersion;
				minimumVersion = 5.0.0;
			};
		};
		C6F5574328D7480700CC27FC /* XCRemoteSwiftPackageReference "Alamofire" */ = {
			isa = XCRemoteSwiftPackageReference;
			repositoryURL = "https://github.com/Alamofire/Alamofire.git";
			requirement = {
				kind = upToNextMajorVersion;
				minimumVersion = 5.0.0;
			};
		};
/* End XCRemoteSwiftPackageReference section */

/* Begin XCSwiftPackageProductDependency section */
		C6F5574128D747CE00CC27FC /* SnapKit */ = {
			isa = XCSwiftPackageProductDependency;
			package = C6F5574028D747CE00CC27FC /* XCRemoteSwiftPackageReference "SnapKit" */;
			productName = SnapKit;
		};
		C6F5574428D7480700CC27FC /* Alamofire */ = {
			isa = XCSwiftPackageProductDependency;
			package = C6F5574328D7480700CC27FC /* XCRemoteSwiftPackageReference "Alamofire" */;
			productName = Alamofire;
		};
/* End XCSwiftPackageProductDependency section */
	};
	rootObject = C6F5572128D7477100CC27FC /* Project object */;
}
